
Microsoft Visual Studio Solution File, Format Version 12.00
# Visual Studio Version 16
VisualStudioVersion = 16.0.31624.102
MinimumVisualStudioVersion = 10.0.40219.1
Project("{FAE04EC0-301F-11D3-BF4B-00C04F79EFBC}") = "GYMIMFC", "GYMIMFC.csproj", "{085CB37B-A994-4355-9EF1-9D192EE46282}"
EndProject
Global
	GlobalSection(SolutionConfigurationPlatforms) = preSolution
		Debug|Any CPU = Debug|Any CPU
		Release|Any CPU = Release|Any CPU
	EndGlobalSection
	GlobalSection(ProjectConfigurationPlatforms) = postSolution
		{085CB37B-A994-4355-9EF1-9D192EE46282}.Debug|Any CPU.ActiveCfg = Debug|Any CPU
		{085CB37B-A994-4355-9EF1-9D192EE46282}.Debug|Any CPU.Build.0 = Debug|Any CPU
		{085CB37B-A994-4355-9EF1-9D192EE46282}.Release|Any CPU.ActiveCfg = Release|Any CPU
		{085CB37B-A994-4355-9EF1-9D192EE46282}.Release|Any CPU.Build.0 = Release|Any CPU
	EndGlobalSection
	GlobalSection(SolutionProperties) = preSolution
		HideSolutionNode = FALSE
	EndGlobalSection
	GlobalSection(ExtensibilityGlobals) = postSolution
		SolutionGuid = {1865B361-1CE5-4416-AC55-AB53DCAB891F}
	EndGlobalSection
EndGlobal
